<?xml version="1.0" encoding="UTF-8" standalone="yes" ?>
<CodeBlocks_project_file>
	<FileVersion major="1" minor="6" />
	<Project>
		<Option title="Chrono Shift Engine" />
		<Option pch_mode="2" />
		<Option compiler="gcc" />
		<Build>
			<Target title="Debug">
				<Option output="bin/Debug/CSE_Debug" prefix_auto="1" extension_auto="1" />
				<Option object_output="obj/Debug/" />
				<Option type="1" />
				<Option compiler="gcc" />
				<Compiler>
					<Add option="-DRENDERER_WARNING_CHECKS=true" />
				</Compiler>
			</Target>
			<Target title="Release">
				<Option output="bin/Release/CSE_Release" prefix_auto="1" extension_auto="1" />
				<Option object_output="obj/Release/" />
				<Option type="0" />
				<Option compiler="gcc" />
				<Compiler>
					<Add option="-O2" />
					<Add option="-DRENDERER_WARNING_CHECKS=false" />
				</Compiler>
				<Linker>
					<Add option="-s" />
				</Linker>
			</Target>
		</Build>
		<Compiler>
			<Add option="-Wall" />
			<Add option="-std=c++11" />
			<Add directory="include" />
		</Compiler>
		<Linker>
			<Add option="-lmingw32 -lSDL2main -lSDL2 -lSDL2_image -lSDL2_mixer -lSDL2_ttf -lSDL2_net" />
			<Add directory="lib" />
		</Linker>
		<Unit filename="assets/shaders/fragmentShader1.fs" />
		<Unit filename="assets/shaders/vertexShader1.vs" />
		<Unit filename="assets/textures/texturesLesson/awesomeface.png" />
		<Unit filename="assets/textures/texturesLesson/container.jpg" />
		<Unit filename="assets/textures/texturesLesson/wall.jpg" />
		<Unit filename="include/CSE/CSEA/asset/assetmanager.hpp" />
		<Unit filename="include/CSE/CSEA/asset/spriteanimationset.hpp" />
		<Unit filename="include/CSE/CSEA/core/engine.hpp" />
		<Unit filename="include/CSE/CSEA/core/gameobject.hpp" />
		<Unit filename="include/CSE/CSEA/core/stage.hpp" />
		<Unit filename="include/CSE/CSEA/core/time.hpp" />
		<Unit filename="include/CSE/CSEA/input/inputlistener.hpp" />
		<Unit filename="include/CSE/CSEA/input/inputmanager.hpp" />
		<Unit filename="include/CSE/CSEA/render/cachemanager.hpp" />
		<Unit filename="include/CSE/CSEA/render/camera.hpp" />
		<Unit filename="include/CSE/CSEA/render/orthographiccamera.hpp" />
		<Unit filename="include/CSE/CSEA/render/renderable.hpp" />
		<Unit filename="include/CSE/CSEA/render/renderer.hpp" />
		<Unit filename="include/CSE/CSEA/render/scene.hpp" />
		<Unit filename="include/CSE/CSEA/render/spriterenderable.hpp" />
		<Unit filename="include/CSE/CSEA/render/viewport.hpp" />
		<Unit filename="include/CSE/CSELL/asset/asset.hpp" />
		<Unit filename="include/CSE/CSELL/asset/assetmanager.hpp" />
		<Unit filename="include/CSE/CSELL/asset/image.hpp" />
		<Unit filename="include/CSE/CSELL/asset/text.hpp" />
		<Unit filename="include/CSE/CSELL/core/inputcallbackhandler.hpp" />
		<Unit filename="include/CSE/CSELL/core/inputenum.hpp" />
		<Unit filename="include/CSE/CSELL/core/sdlwindow.hpp" />
		<Unit filename="include/CSE/CSELL/core/time.hpp" />
		<Unit filename="include/CSE/CSELL/core/window.hpp" />
		<Unit filename="include/CSE/CSELL/math/transform.hpp" />
		<Unit filename="include/CSE/CSELL/math/vector3f.hpp" />
		<Unit filename="include/CSE/CSELL/render/gl/glmesh.hpp" />
		<Unit filename="include/CSE/CSELL/render/gl/glrendererimple.hpp" />
		<Unit filename="include/CSE/CSELL/render/gl/glshader.hpp" />
		<Unit filename="include/CSE/CSELL/render/gl/glshaderprogram.hpp" />
		<Unit filename="include/CSE/CSELL/render/gl/gltexture.hpp" />
		<Unit filename="include/CSE/CSELL/render/mesh.hpp" />
		<Unit filename="include/CSE/CSELL/render/renderer.hpp" />
		<Unit filename="include/CSE/CSELL/render/rendererimple.hpp" />
		<Unit filename="include/CSE/CSELL/render/shader.hpp" />
		<Unit filename="include/CSE/CSELL/render/shaderProgram.hpp" />
		<Unit filename="include/CSE/CSELL/render/shaders.hpp" />
		<Unit filename="include/CSE/CSELL/render/texture.hpp" />
		<Unit filename="include/CSE/CSU/logger.hpp" />
		<Unit filename="include/CSE/Experimental/Test1/testgameobject.hpp" />
		<Unit filename="include/CSE/Experimental/Test1/testspriterenderable.hpp" />
		<Unit filename="include/CSE/Experimental/Test1/teststage.hpp" />
		<Unit filename="include/lib/glad/glad.c">
			<Option compilerVar="CC" />
		</Unit>
		<Unit filename="include/lib/image/stb_image.cpp" />
		<Unit filename="src/CSEA/asset/assetmanager.cpp" />
		<Unit filename="src/CSEA/asset/spriteanimationset.cpp" />
		<Unit filename="src/CSEA/core/engine.cpp" />
		<Unit filename="src/CSEA/core/gameobject.cpp" />
		<Unit filename="src/CSEA/core/stage.cpp" />
		<Unit filename="src/CSEA/core/time.cpp" />
		<Unit filename="src/CSEA/input/inputmanager.cpp" />
		<Unit filename="src/CSEA/render/cachemanager.cpp" />
		<Unit filename="src/CSEA/render/camera.cpp" />
		<Unit filename="src/CSEA/render/orthographiccamera.cpp" />
		<Unit filename="src/CSEA/render/renderable.cpp" />
		<Unit filename="src/CSEA/render/renderer.cpp" />
		<Unit filename="src/CSEA/render/scene.cpp" />
		<Unit filename="src/CSEA/render/spriterenderable.cpp" />
		<Unit filename="src/CSEA/render/viewport.cpp" />
		<Unit filename="src/CSELL/asset/asset.cpp" />
		<Unit filename="src/CSELL/asset/assetmanager.cpp" />
		<Unit filename="src/CSELL/asset/image.cpp" />
		<Unit filename="src/CSELL/asset/text.cpp" />
		<Unit filename="src/CSELL/core/sdlwindow.cpp" />
		<Unit filename="src/CSELL/core/time.cpp" />
		<Unit filename="src/CSELL/core/window.cpp">
			<Option compilerVar="CC" />
		</Unit>
		<Unit filename="src/CSELL/math/transform.cpp" />
		<Unit filename="src/CSELL/math/vector3f.cpp" />
		<Unit filename="src/CSELL/render/gl/glmesh.cpp" />
		<Unit filename="src/CSELL/render/gl/glrendererimple.cpp" />
		<Unit filename="src/CSELL/render/gl/glshader.cpp" />
		<Unit filename="src/CSELL/render/gl/glshaderprogram.cpp" />
		<Unit filename="src/CSELL/render/gl/gltexture.cpp" />
		<Unit filename="src/CSELL/render/mesh.cpp" />
		<Unit filename="src/CSELL/render/renderer.cpp" />
		<Unit filename="src/CSELL/render/shader.cpp" />
		<Unit filename="src/CSELL/render/shaderProgram.cpp" />
		<Unit filename="src/CSELL/render/texture.cpp" />
		<Unit filename="src/CSU/logger.cpp" />
		<Unit filename="src/Experimental/Test1/testgameobject.cpp" />
		<Unit filename="src/Experimental/Test1/testspriterenderable.cpp" />
		<Unit filename="src/Experimental/Test1/teststage.cpp" />
		<Unit filename="src/main.cpp" />
		<Extensions>
			<debugger />
			<code_completion />
			<envvars />
		</Extensions>
	</Project>
</CodeBlocks_project_file>
