<?xml version="1.0" encoding="UTF-8" standalone="yes" ?>
<CodeBlocks_project_file>
	<FileVersion major="1" minor="6" />
	<Project>
		<Option title="Chrono Shift Engine" />
		<Option pch_mode="2" />
		<Option compiler="gcc" />
		<Build>
			<Target title="Debug">
				<Option output="bin/Debug/GL_Debug" prefix_auto="1" extension_auto="1" />
				<Option working_dir="../Chrono-Shift-Engine" />
				<Option object_output="obj/Debug/" />
				<Option type="1" />
				<Option compiler="gcc" />
				<Option use_console_runner="0" />
				<Compiler>
					<Add option="-g" />
					<Add directory="../Chrono-Shift-Engine" />
					<Add directory="lib" />
					<Add directory="include" />
				</Compiler>
				<Linker>
					<Add directory="lib/glfw" />
				</Linker>
			</Target>
			<Target title="Release">
				<Option output="bin/Release/LearnOpenGL" prefix_auto="1" extension_auto="1" />
				<Option object_output="obj/Release/" />
				<Option type="0" />
				<Option compiler="gcc" />
				<Compiler>
					<Add option="-O2" />
				</Compiler>
				<Linker>
					<Add option="-s" />
				</Linker>
			</Target>
		</Build>
		<Compiler>
			<Add option="-Wall" />
			<Add directory="include/" />
			<Add directory="include/lib" />
		</Compiler>
		<Linker>
			<Add option="-lglfw3 -lopengl32 -lgdi32" />
			<Add directory="lib" />
		</Linker>
		<Unit filename="assets/shaders/fragmentShader1.fs" />
		<Unit filename="assets/shaders/vertexShader1.vs" />
		<Unit filename="assets/textures/texturesLesson/awesomeface.png" />
		<Unit filename="assets/textures/texturesLesson/container.jpg" />
		<Unit filename="assets/textures/texturesLesson/wall.jpg" />
		<Unit filename="include/CSE/CSELL/asset/asset.hpp" />
		<Unit filename="include/CSE/CSELL/asset/assetmanager.hpp" />
		<Unit filename="include/CSE/CSELL/asset/image.hpp" />
		<Unit filename="include/CSE/CSELL/asset/text.hpp" />
		<Unit filename="include/CSE/CSELL/renderer/camera.hpp" />
		<Unit filename="include/CSE/CSELL/renderer/engine.hpp" />
		<Unit filename="include/CSE/CSELL/renderer/mesh.hpp" />
		<Unit filename="include/CSE/CSELL/renderer/shader.hpp" />
		<Unit filename="include/CSE/CSELL/renderer/shaderProgram.hpp" />
		<Unit filename="include/CSE/CSELL/renderer/shaders.hpp" />
		<Unit filename="include/CSE/CSELL/renderer/texture.hpp" />
		<Unit filename="include/CSE/CSU/logger.hpp" />
		<Unit filename="include/lib/glad/glad.c">
			<Option compilerVar="CC" />
		</Unit>
		<Unit filename="include/lib/image/lodepng.cpp" />
		<Unit filename="include/lib/image/stb_image.cpp" />
		<Unit filename="src/CSELL/asset/asset.cpp" />
		<Unit filename="src/CSELL/asset/assetmanager.cpp" />
		<Unit filename="src/CSELL/asset/image.cpp" />
		<Unit filename="src/CSELL/asset/text.cpp" />
		<Unit filename="src/CSELL/renderer/camera.cpp" />
		<Unit filename="src/CSELL/renderer/engine.cpp" />
		<Unit filename="src/CSELL/renderer/mesh.cpp" />
		<Unit filename="src/CSELL/renderer/shader.cpp" />
		<Unit filename="src/CSELL/renderer/shaderProgram.cpp" />
		<Unit filename="src/CSELL/renderer/texture.cpp" />
		<Unit filename="src/CSU/logger.cpp" />
		<Unit filename="src/main.cpp" />
		<Extensions>
			<debugger />
		</Extensions>
	</Project>
</CodeBlocks_project_file>
